// !$*UTF8*$!
{
	archiveVersion = 1;
	classes = {
	};
	objectVersion = 48;
	objects = {

/* Begin PBXBuildFile section */
		47360724201D3EDE00C0B50D /* PTChannel.m in Sources */ = {isa = PBXBuildFile; fileRef = 4736071B201D3EDD00C0B50D /* PTChannel.m */; };
		47360725201D3EDE00C0B50D /* PTUSBHub.m in Sources */ = {isa = PBXBuildFile; fileRef = 4736071C201D3EDD00C0B50D /* PTUSBHub.m */; };
		47360726201D3EDE00C0B50D /* PTProtocol.m in Sources */ = {isa = PBXBuildFile; fileRef = 4736071E201D3EDD00C0B50D /* PTProtocol.m */; };
		47545114201C8FB0008B2CA8 /* AppDelegate.swift in Sources */ = {isa = PBXBuildFile; fileRef = 47545113201C8FB0008B2CA8 /* AppDelegate.swift */; };
		47545116201C8FB0008B2CA8 /* ViewController.swift in Sources */ = {isa = PBXBuildFile; fileRef = 47545115201C8FB0008B2CA8 /* ViewController.swift */; };
		47545119201C8FB0008B2CA8 /* Main.storyboard in Resources */ = {isa = PBXBuildFile; fileRef = 47545117201C8FB0008B2CA8 /* Main.storyboard */; };
		4754511B201C8FB0008B2CA8 /* Assets.xcassets in Resources */ = {isa = PBXBuildFile; fileRef = 4754511A201C8FB0008B2CA8 /* Assets.xcassets */; };
		4754511E201C8FB0008B2CA8 /* LaunchScreen.storyboard in Resources */ = {isa = PBXBuildFile; fileRef = 4754511C201C8FB0008B2CA8 /* LaunchScreen.storyboard */; };
		47FB60E5201D349300392433 /* PTManager.swift in Sources */ = {isa = PBXBuildFile; fileRef = 47FB60E4201D349300392433 /* PTManager.swift */; };
		6933C676201CC5DA003522B3 /* GestureDelegate.swift in Sources */ = {isa = PBXBuildFile; fileRef = 6933C675201CC5DA003522B3 /* GestureDelegate.swift */; };
		6933C680201CD94E003522B3 /* GestureModel.mlmodel in Sources */ = {isa = PBXBuildFile; fileRef = 6933C67F201CD94E003522B3 /* GestureModel.mlmodel */; };
		6933C69B201D40D6003522B3 /* ComputerVision.swift in Sources */ = {isa = PBXBuildFile; fileRef = 6933C69A201D40D6003522B3 /* ComputerVision.swift */; };
		6981CA4E201D6E830059CBC0 /* SwipeRecogniser.mlmodel in Sources */ = {isa = PBXBuildFile; fileRef = 6981CA4D201D6E830059CBC0 /* SwipeRecogniser.mlmodel */; };
		6981CA50201D82110059CBC0 /* Swipe.swift in Sources */ = {isa = PBXBuildFile; fileRef = 6981CA4F201D82110059CBC0 /* Swipe.swift */; };
		698D7026201CB67A00182211 /* GestureRecogniser.swift in Sources */ = {isa = PBXBuildFile; fileRef = 698D7025201CB67A00182211 /* GestureRecogniser.swift */; };
		698D7028201CB7FF00182211 /* Gesture.swift in Sources */ = {isa = PBXBuildFile; fileRef = 698D7027201CB7FF00182211 /* Gesture.swift */; };
/* End PBXBuildFile section */

/* Begin PBXFileReference section */
		47360716201D3B1A00C0B50D /* AiRGestures-Bridging-Header.h */ = {isa = PBXFileReference; lastKnownFileType = sourcecode.c.h; path = "AiRGestures-Bridging-Header.h"; sourceTree = "<group>"; };
		4736071B201D3EDD00C0B50D /* PTChannel.m */ = {isa = PBXFileReference; lastKnownFileType = sourcecode.c.objc; path = PTChannel.m; sourceTree = "<group>"; };
		4736071C201D3EDD00C0B50D /* PTUSBHub.m */ = {isa = PBXFileReference; lastKnownFileType = sourcecode.c.objc; path = PTUSBHub.m; sourceTree = "<group>"; };
		4736071D201D3EDD00C0B50D /* PTUSBHub.h */ = {isa = PBXFileReference; lastKnownFileType = sourcecode.c.h; path = PTUSBHub.h; sourceTree = "<group>"; };
		4736071E201D3EDD00C0B50D /* PTProtocol.m */ = {isa = PBXFileReference; lastKnownFileType = sourcecode.c.objc; path = PTProtocol.m; sourceTree = "<group>"; };
		4736071F201D3EDD00C0B50D /* PTPrivate.h */ = {isa = PBXFileReference; lastKnownFileType = sourcecode.c.h; path = PTPrivate.h; sourceTree = "<group>"; };
		47360720201D3EDD00C0B50D /* Peertalk.h */ = {isa = PBXFileReference; lastKnownFileType = sourcecode.c.h; path = Peertalk.h; sourceTree = "<group>"; };
		47360721201D3EDE00C0B50D /* PTChannel.h */ = {isa = PBXFileReference; lastKnownFileType = sourcecode.c.h; path = PTChannel.h; sourceTree = "<group>"; };
		47360722201D3EDE00C0B50D /* prefix.pch */ = {isa = PBXFileReference; lastKnownFileType = sourcecode.c.h; path = prefix.pch; sourceTree = "<group>"; };
		47360723201D3EDE00C0B50D /* PTProtocol.h */ = {isa = PBXFileReference; lastKnownFileType = sourcecode.c.h; path = PTProtocol.h; sourceTree = "<group>"; };
		47545110201C8FB0008B2CA8 /* AiRGestures.app */ = {isa = PBXFileReference; explicitFileType = wrapper.application; includeInIndex = 0; path = AiRGestures.app; sourceTree = BUILT_PRODUCTS_DIR; };
		47545113201C8FB0008B2CA8 /* AppDelegate.swift */ = {isa = PBXFileReference; lastKnownFileType = sourcecode.swift; path = AppDelegate.swift; sourceTree = "<group>"; };
		47545115201C8FB0008B2CA8 /* ViewController.swift */ = {isa = PBXFileReference; lastKnownFileType = sourcecode.swift; path = ViewController.swift; sourceTree = "<group>"; };
		47545118201C8FB0008B2CA8 /* Base */ = {isa = PBXFileReference; lastKnownFileType = file.storyboard; name = Base; path = Base.lproj/Main.storyboard; sourceTree = "<group>"; };
		4754511A201C8FB0008B2CA8 /* Assets.xcassets */ = {isa = PBXFileReference; lastKnownFileType = folder.assetcatalog; path = Assets.xcassets; sourceTree = "<group>"; };
		4754511D201C8FB0008B2CA8 /* Base */ = {isa = PBXFileReference; lastKnownFileType = file.storyboard; name = Base; path = Base.lproj/LaunchScreen.storyboard; sourceTree = "<group>"; };
		4754511F201C8FB0008B2CA8 /* Info.plist */ = {isa = PBXFileReference; lastKnownFileType = text.plist.xml; path = Info.plist; sourceTree = "<group>"; };
		47FB60E4201D349300392433 /* PTManager.swift */ = {isa = PBXFileReference; fileEncoding = 4; lastKnownFileType = sourcecode.swift; path = PTManager.swift; sourceTree = "<group>"; };
		6933C675201CC5DA003522B3 /* GestureDelegate.swift */ = {isa = PBXFileReference; lastKnownFileType = sourcecode.swift; path = GestureDelegate.swift; sourceTree = "<group>"; };
		6933C67F201CD94E003522B3 /* GestureModel.mlmodel */ = {isa = PBXFileReference; lastKnownFileType = file.mlmodel; path = GestureModel.mlmodel; sourceTree = "<group>"; };
		6933C69A201D40D6003522B3 /* ComputerVision.swift */ = {isa = PBXFileReference; fileEncoding = 4; lastKnownFileType = sourcecode.swift; path = ComputerVision.swift; sourceTree = "<group>"; };
		6981CA4D201D6E830059CBC0 /* SwipeRecogniser.mlmodel */ = {isa = PBXFileReference; lastKnownFileType = file.mlmodel; path = SwipeRecogniser.mlmodel; sourceTree = "<group>"; };
		6981CA4F201D82110059CBC0 /* Swipe.swift */ = {isa = PBXFileReference; lastKnownFileType = sourcecode.swift; path = Swipe.swift; sourceTree = "<group>"; };
		698D7025201CB67A00182211 /* GestureRecogniser.swift */ = {isa = PBXFileReference; lastKnownFileType = sourcecode.swift; path = GestureRecogniser.swift; sourceTree = "<group>"; };
		698D7027201CB7FF00182211 /* Gesture.swift */ = {isa = PBXFileReference; lastKnownFileType = sourcecode.swift; path = Gesture.swift; sourceTree = "<group>"; };
/* End PBXFileReference section */

/* Begin PBXFrameworksBuildPhase section */
		4754510D201C8FB0008B2CA8 /* Frameworks */ = {
			isa = PBXFrameworksBuildPhase;
			buildActionMask = 2147483647;
			files = (
			);
			runOnlyForDeploymentPostprocessing = 0;
		};
/* End PBXFrameworksBuildPhase section */

/* Begin PBXGroup section */
		47360728201D3F0100C0B50D /* Peertalk */ = {
			isa = PBXGroup;
			children = (
				47360720201D3EDD00C0B50D /* Peertalk.h */,
				47360722201D3EDE00C0B50D /* prefix.pch */,
				47360721201D3EDE00C0B50D /* PTChannel.h */,
				4736071B201D3EDD00C0B50D /* PTChannel.m */,
				4736071F201D3EDD00C0B50D /* PTPrivate.h */,
				47360723201D3EDE00C0B50D /* PTProtocol.h */,
				4736071E201D3EDD00C0B50D /* PTProtocol.m */,
				4736071D201D3EDD00C0B50D /* PTUSBHub.h */,
				4736071C201D3EDD00C0B50D /* PTUSBHub.m */,
			);
			path = Peertalk;
			sourceTree = "<group>";
		};
		47545107201C8FB0008B2CA8 = {
			isa = PBXGroup;
			children = (
				47545112201C8FB0008B2CA8 /* AiRGestures */,
				47545111201C8FB0008B2CA8 /* Products */,
				47360716201D3B1A00C0B50D /* AiRGestures-Bridging-Header.h */,
			);
			sourceTree = "<group>";
		};
		47545111201C8FB0008B2CA8 /* Products */ = {
			isa = PBXGroup;
			children = (
				47545110201C8FB0008B2CA8 /* AiRGestures.app */,
			);
			name = Products;
			sourceTree = "<group>";
		};
		47545112201C8FB0008B2CA8 /* AiRGestures */ = {
			isa = PBXGroup;
			children = (
				47360728201D3F0100C0B50D /* Peertalk */,
				47545113201C8FB0008B2CA8 /* AppDelegate.swift */,
				47545115201C8FB0008B2CA8 /* ViewController.swift */,
				47FB60E4201D349300392433 /* PTManager.swift */,
				47545117201C8FB0008B2CA8 /* Main.storyboard */,
				4754511A201C8FB0008B2CA8 /* Assets.xcassets */,
				4754511C201C8FB0008B2CA8 /* LaunchScreen.storyboard */,
				4754511F201C8FB0008B2CA8 /* Info.plist */,
				698D7029201CB87A00182211 /* Gestures */,
			);
			path = AiRGestures;
			sourceTree = "<group>";
		};
		698D7029201CB87A00182211 /* Gestures */ = {
			isa = PBXGroup;
			children = (
				6933C69A201D40D6003522B3 /* ComputerVision.swift */,
				6981CA4D201D6E830059CBC0 /* SwipeRecogniser.mlmodel */,
				6933C67F201CD94E003522B3 /* GestureModel.mlmodel */,
				698D7025201CB67A00182211 /* GestureRecogniser.swift */,
				698D7027201CB7FF00182211 /* Gesture.swift */,
				6933C675201CC5DA003522B3 /* GestureDelegate.swift */,
				6981CA4F201D82110059CBC0 /* Swipe.swift */,
			);
			path = Gestures;
			sourceTree = "<group>";
		};
/* End PBXGroup section */

/* Begin PBXNativeTarget section */
		4754510F201C8FB0008B2CA8 /* AiRGestures */ = {
			isa = PBXNativeTarget;
			buildConfigurationList = 47545122201C8FB0008B2CA8 /* Build configuration list for PBXNativeTarget "AiRGestures" */;
			buildPhases = (
				4754510C201C8FB0008B2CA8 /* Sources */,
				4754510D201C8FB0008B2CA8 /* Frameworks */,
				4754510E201C8FB0008B2CA8 /* Resources */,
			);
			buildRules = (
			);
			dependencies = (
			);
			name = AiRGestures;
			productName = AiRGestures;
			productReference = 47545110201C8FB0008B2CA8 /* AiRGestures.app */;
			productType = "com.apple.product-type.application";
		};
/* End PBXNativeTarget section */

/* Begin PBXProject section */
		47545108201C8FB0008B2CA8 /* Project object */ = {
			isa = PBXProject;
			attributes = {
				LastSwiftUpdateCheck = 0920;
				LastUpgradeCheck = 0920;
				ORGANIZATIONNAME = "Lewis Bell";
				TargetAttributes = {
					4754510F201C8FB0008B2CA8 = {
						CreatedOnToolsVersion = 9.2;
						LastSwiftMigration = 0920;
						ProvisioningStyle = Automatic;
					};
				};
			};
			buildConfigurationList = 4754510B201C8FB0008B2CA8 /* Build configuration list for PBXProject "AiRGestures" */;
			compatibilityVersion = "Xcode 8.0";
			developmentRegion = en;
			hasScannedForEncodings = 0;
			knownRegions = (
				en,
				Base,
			);
			mainGroup = 47545107201C8FB0008B2CA8;
			productRefGroup = 47545111201C8FB0008B2CA8 /* Products */;
			projectDirPath = "";
			projectRoot = "";
			targets = (
				4754510F201C8FB0008B2CA8 /* AiRGestures */,
			);
		};
/* End PBXProject section */

/* Begin PBXResourcesBuildPhase section */
		4754510E201C8FB0008B2CA8 /* Resources */ = {
			isa = PBXResourcesBuildPhase;
			buildActionMask = 2147483647;
			files = (
				4754511E201C8FB0008B2CA8 /* LaunchScreen.storyboard in Resources */,
				4754511B201C8FB0008B2CA8 /* Assets.xcassets in Resources */,
				47545119201C8FB0008B2CA8 /* Main.storyboard in Resources */,
			);
			runOnlyForDeploymentPostprocessing = 0;
		};
/* End PBXResourcesBuildPhase section */

/* Begin PBXSourcesBuildPhase section */
		4754510C201C8FB0008B2CA8 /* Sources */ = {
			isa = PBXSourcesBuildPhase;
			buildActionMask = 2147483647;
			files = (
				6981CA4E201D6E830059CBC0 /* SwipeRecogniser.mlmodel in Sources */,
				6933C69B201D40D6003522B3 /* ComputerVision.swift in Sources */,
				6933C680201CD94E003522B3 /* GestureModel.mlmodel in Sources */,
				6933C676201CC5DA003522B3 /* GestureDelegate.swift in Sources */,
				47545116201C8FB0008B2CA8 /* ViewController.swift in Sources */,
				47545114201C8FB0008B2CA8 /* AppDelegate.swift in Sources */,
				47360724201D3EDE00C0B50D /* PTChannel.m in Sources */,
				698D7028201CB7FF00182211 /* Gesture.swift in Sources */,
				47FB60E5201D349300392433 /* PTManager.swift in Sources */,
				47360725201D3EDE00C0B50D /* PTUSBHub.m in Sources */,
				6981CA50201D82110059CBC0 /* Swipe.swift in Sources */,
				698D7026201CB67A00182211 /* GestureRecogniser.swift in Sources */,
				47360726201D3EDE00C0B50D /* PTProtocol.m in Sources */,
			);
			runOnlyForDeploymentPostprocessing = 0;
		};
/* End PBXSourcesBuildPhase section */

/* Begin PBXVariantGroup section */
		47545117201C8FB0008B2CA8 /* Main.storyboard */ = {
			isa = PBXVariantGroup;
			children = (
				47545118201C8FB0008B2CA8 /* Base */,
			);
			name = Main.storyboard;
			sourceTree = "<group>";
		};
		4754511C201C8FB0008B2CA8 /* LaunchScreen.storyboard */ = {
			isa = PBXVariantGroup;
			children = (
				4754511D201C8FB0008B2CA8 /* Base */,
			);
			name = LaunchScreen.storyboard;
			sourceTree = "<group>";
		};
/* End PBXVariantGroup section */

/* Begin XCBuildConfiguration section */
		47545120201C8FB0008B2CA8 /* Debug */ = {
			isa = XCBuildConfiguration;
			buildSettings = {
				ALWAYS_SEARCH_USER_PATHS = NO;
				CLANG_ANALYZER_NONNULL = YES;
				CLANG_ANALYZER_NUMBER_OBJECT_CONVERSION = YES_AGGRESSIVE;
				CLANG_CXX_LANGUAGE_STANDARD = "gnu++14";
				CLANG_CXX_LIBRARY = "libc++";
				CLANG_ENABLE_MODULES = YES;
				CLANG_ENABLE_OBJC_ARC = YES;
				CLANG_WARN_BLOCK_CAPTURE_AUTORELEASING = YES;
				CLANG_WARN_BOOL_CONVERSION = YES;
				CLANG_WARN_COMMA = YES;
				CLANG_WARN_CONSTANT_CONVERSION = YES;
				CLANG_WARN_DIRECT_OBJC_ISA_USAGE = YES_ERROR;
				CLANG_WARN_DOCUMENTATION_COMMENTS = YES;
				CLANG_WARN_EMPTY_BODY = YES;
				CLANG_WARN_ENUM_CONVERSION = YES;
				CLANG_WARN_INFINITE_RECURSION = YES;
				CLANG_WARN_INT_CONVERSION = YES;
				CLANG_WARN_NON_LITERAL_NULL_CONVERSION = YES;
				CLANG_WARN_OBJC_LITERAL_CONVERSION = YES;
				CLANG_WARN_OBJC_ROOT_CLASS = YES_ERROR;
				CLANG_WARN_RANGE_LOOP_ANALYSIS = YES;
				CLANG_WARN_STRICT_PROTOTYPES = YES;
				CLANG_WARN_SUSPICIOUS_MOVE = YES;
				CLANG_WARN_UNGUARDED_AVAILABILITY = YES_AGGRESSIVE;
				CLANG_WARN_UNREACHABLE_CODE = YES;
				CLANG_WARN__DUPLICATE_METHOD_MATCH = YES;
				CODE_SIGN_IDENTITY = "iPhone Developer";
				COPY_PHASE_STRIP = NO;
				DEBUG_INFORMATION_FORMAT = dwarf;
				ENABLE_STRICT_OBJC_MSGSEND = YES;
				ENABLE_TESTABILITY = YES;
				GCC_C_LANGUAGE_STANDARD = gnu11;
				GCC_DYNAMIC_NO_PIC = NO;
				GCC_NO_COMMON_BLOCKS = YES;
				GCC_OPTIMIZATION_LEVEL = 0;
				GCC_PREPROCESSOR_DEFINITIONS = (
					"DEBUG=1",
					"$(inherited)",
				);
				GCC_WARN_64_TO_32_BIT_CONVERSION = YES;
				GCC_WARN_ABOUT_RETURN_TYPE = YES_ERROR;
				GCC_WARN_UNDECLARED_SELECTOR = YES;
				GCC_WARN_UNINITIALIZED_AUTOS = YES_AGGRESSIVE;
				GCC_WARN_UNUSED_FUNCTION = YES;
				GCC_WARN_UNUSED_VARIABLE = YES;
				IPHONEOS_DEPLOYMENT_TARGET = 11.2;
				MTL_ENABLE_DEBUG_INFO = YES;
				ONLY_ACTIVE_ARCH = YES;
				SDKROOT = iphoneos;
				SWIFT_ACTIVE_COMPILATION_CONDITIONS = DEBUG;
				SWIFT_OPTIMIZATION_LEVEL = "-Onone";
			};
			name = Debug;
		};
		47545121201C8FB0008B2CA8 /* Release */ = {
			isa = XCBuildConfiguration;
			buildSettings = {
				ALWAYS_SEARCH_USER_PATHS = NO;
				CLANG_ANALYZER_NONNULL = YES;
				CLANG_ANALYZER_NUMBER_OBJECT_CONVERSION = YES_AGGRESSIVE;
				CLANG_CXX_LANGUAGE_STANDARD = "gnu++14";
				CLANG_CXX_LIBRARY = "libc++";
				CLANG_ENABLE_MODULES = YES;
				CLANG_ENABLE_OBJC_ARC = YES;
				CLANG_WARN_BLOCK_CAPTURE_AUTORELEASING = YES;
				CLANG_WARN_BOOL_CONVERSION = YES;
				CLANG_WARN_COMMA = YES;
				CLANG_WARN_CONSTANT_CONVERSION = YES;
				CLANG_WARN_DIRECT_OBJC_ISA_USAGE = YES_ERROR;
				CLANG_WARN_DOCUMENTATION_COMMENTS = YES;
				CLANG_WARN_EMPTY_BODY = YES;
				CLANG_WARN_ENUM_CONVERSION = YES;
				CLANG_WARN_INFINITE_RECURSION = YES;
				CLANG_WARN_INT_CONVERSION = YES;
				CLANG_WARN_NON_LITERAL_NULL_CONVERSION = YES;
				CLANG_WARN_OBJC_LITERAL_CONVERSION = YES;
				CLANG_WARN_OBJC_ROOT_CLASS = YES_ERROR;
				CLANG_WARN_RANGE_LOOP_ANALYSIS = YES;
				CLANG_WARN_STRICT_PROTOTYPES = YES;
				CLANG_WARN_SUSPICIOUS_MOVE = YES;
				CLANG_WARN_UNGUARDED_AVAILABILITY = YES_AGGRESSIVE;
				CLANG_WARN_UNREACHABLE_CODE = YES;
				CLANG_WARN__DUPLICATE_METHOD_MATCH = YES;
				CODE_SIGN_IDENTITY = "iPhone Developer";
				COPY_PHASE_STRIP = NO;
				DEBUG_INFORMATION_FORMAT = "dwarf-with-dsym";
				ENABLE_NS_ASSERTIONS = NO;
				ENABLE_STRICT_OBJC_MSGSEND = YES;
				GCC_C_LANGUAGE_STANDARD = gnu11;
				GCC_NO_COMMON_BLOCKS = YES;
				GCC_WARN_64_TO_32_BIT_CONVERSION = YES;
				GCC_WARN_ABOUT_RETURN_TYPE = YES_ERROR;
				GCC_WARN_UNDECLARED_SELECTOR = YES;
				GCC_WARN_UNINITIALIZED_AUTOS = YES_AGGRESSIVE;
				GCC_WARN_UNUSED_FUNCTION = YES;
				GCC_WARN_UNUSED_VARIABLE = YES;
				IPHONEOS_DEPLOYMENT_TARGET = 11.2;
				MTL_ENABLE_DEBUG_INFO = NO;
				SDKROOT = iphoneos;
				SWIFT_OPTIMIZATION_LEVEL = "-Owholemodule";
				VALIDATE_PRODUCT = YES;
			};
			name = Release;
		};
		47545123201C8FB0008B2CA8 /* Debug */ = {
			isa = XCBuildConfiguration;
			buildSettings = {
				ASSETCATALOG_COMPILER_APPICON_NAME = AppIcon;
				CLANG_ENABLE_MODULES = YES;
				CODE_SIGN_STYLE = Automatic;
				DEVELOPMENT_TEAM = 95HMAHL2SN;
				INFOPLIST_FILE = AiRGestures/Info.plist;
				LD_RUNPATH_SEARCH_PATHS = "$(inherited) @executable_path/Frameworks";
				PRODUCT_BUNDLE_IDENTIFIER = com.limoncello.AiRGestures;
				PRODUCT_NAME = "$(TARGET_NAME)";
				SWIFT_OBJC_BRIDGING_HEADER = "AiRGestures-Bridging-Header.h";
				SWIFT_OPTIMIZATION_LEVEL = "-Onone";
				SWIFT_VERSION = 4.0;
				TARGETED_DEVICE_FAMILY = "1,2";
				VALID_ARCHS = "armv7 armv7s arm64";
			};
			name = Debug;
		};
		47545124201C8FB0008B2CA8 /* Release */ = {
			isa = XCBuildConfiguration;
			buildSettings = {
				ASSETCATALOG_COMPILER_APPICON_NAME = AppIcon;
				CLANG_ENABLE_MODULES = YES;
				CODE_SIGN_STYLE = Automatic;
				DEVELOPMENT_TEAM = 95HMAHL2SN;
				INFOPLIST_FILE = AiRGestures/Info.plist;
				LD_RUNPATH_SEARCH_PATHS = "$(inherited) @executable_path/Frameworks";
				PRODUCT_BUNDLE_IDENTIFIER = com.limoncello.AiRGestures;
				PRODUCT_NAME = "$(TARGET_NAME)";
				SWIFT_OBJC_BRIDGING_HEADER = "AiRGestures-Bridging-Header.h";
				SWIFT_VERSION = 4.0;
				TARGETED_DEVICE_FAMILY = "1,2";
				VALID_ARCHS = "armv7 armv7s arm64";
			};
			name = Release;
		};
/* End XCBuildConfiguration section */

/* Begin XCConfigurationList section */
		4754510B201C8FB0008B2CA8 /* Build configuration list for PBXProject "AiRGestures" */ = {
			isa = XCConfigurationList;
			buildConfigurations = (
				47545120201C8FB0008B2CA8 /* Debug */,
				47545121201C8FB0008B2CA8 /* Release */,
			);
			defaultConfigurationIsVisible = 0;
			defaultConfigurationName = Release;
		};
		47545122201C8FB0008B2CA8 /* Build configuration list for PBXNativeTarget "AiRGestures" */ = {
			isa = XCConfigurationList;
			buildConfigurations = (
				47545123201C8FB0008B2CA8 /* Debug */,
				47545124201C8FB0008B2CA8 /* Release */,
			);
			defaultConfigurationIsVisible = 0;
			defaultConfigurationName = Release;
		};
/* End XCConfigurationList section */
	};
	rootObject = 47545108201C8FB0008B2CA8 /* Project object */;
}
