// !$*UTF8*$!
{
	archiveVersion = 1;
	classes = {
	};
	objectVersion = 48;
	objects = {

/* Begin PBXBuildFile section */
		4F1AEE12201CBA1E00EFA8D7 /* AppDelegate.swift in Sources */ = {isa = PBXBuildFile; fileRef = 4F1AEE11201CBA1E00EFA8D7 /* AppDelegate.swift */; };
		4F1AEE14201CBA1E00EFA8D7 /* ViewController.swift in Sources */ = {isa = PBXBuildFile; fileRef = 4F1AEE13201CBA1E00EFA8D7 /* ViewController.swift */; };
		4F1AEE16201CBA1E00EFA8D7 /* Assets.xcassets in Resources */ = {isa = PBXBuildFile; fileRef = 4F1AEE15201CBA1E00EFA8D7 /* Assets.xcassets */; };
		4F1AEE19201CBA1E00EFA8D7 /* Main.storyboard in Resources */ = {isa = PBXBuildFile; fileRef = 4F1AEE17201CBA1E00EFA8D7 /* Main.storyboard */; };
		E3816810201CC4B800A6881D /* EventMonitor.swift in Sources */ = {isa = PBXBuildFile; fileRef = E381680F201CC4B800A6881D /* EventMonitor.swift */; };
		E3816812201CC7DC00A6881D /* GestureServiceManager.swift in Sources */ = {isa = PBXBuildFile; fileRef = E3816811201CC7DC00A6881D /* GestureServiceManager.swift */; };
		E3D93E5B201CC0E300624FC8 /* MenuViewController.swift in Sources */ = {isa = PBXBuildFile; fileRef = E3D93E5A201CC0E300624FC8 /* MenuViewController.swift */; };
/* End PBXBuildFile section */

/* Begin PBXFileReference section */
		4F1AEE0E201CBA1E00EFA8D7 /* AirGestures.app */ = {isa = PBXFileReference; explicitFileType = wrapper.application; includeInIndex = 0; path = AirGestures.app; sourceTree = BUILT_PRODUCTS_DIR; };
		4F1AEE11201CBA1E00EFA8D7 /* AppDelegate.swift */ = {isa = PBXFileReference; lastKnownFileType = sourcecode.swift; path = AppDelegate.swift; sourceTree = "<group>"; };
		4F1AEE13201CBA1E00EFA8D7 /* ViewController.swift */ = {isa = PBXFileReference; lastKnownFileType = sourcecode.swift; path = ViewController.swift; sourceTree = "<group>"; };
		4F1AEE15201CBA1E00EFA8D7 /* Assets.xcassets */ = {isa = PBXFileReference; lastKnownFileType = folder.assetcatalog; path = Assets.xcassets; sourceTree = "<group>"; };
		4F1AEE18201CBA1E00EFA8D7 /* Base */ = {isa = PBXFileReference; lastKnownFileType = file.storyboard; name = Base; path = Base.lproj/Main.storyboard; sourceTree = "<group>"; };
		4F1AEE1A201CBA1E00EFA8D7 /* Info.plist */ = {isa = PBXFileReference; lastKnownFileType = text.plist.xml; path = Info.plist; sourceTree = "<group>"; };
		4F1AEE1B201CBA1E00EFA8D7 /* AirGestures.entitlements */ = {isa = PBXFileReference; lastKnownFileType = text.plist.entitlements; path = AirGestures.entitlements; sourceTree = "<group>"; };
		E381680F201CC4B800A6881D /* EventMonitor.swift */ = {isa = PBXFileReference; lastKnownFileType = sourcecode.swift; path = EventMonitor.swift; sourceTree = "<group>"; };
		E3816811201CC7DC00A6881D /* GestureServiceManager.swift */ = {isa = PBXFileReference; lastKnownFileType = sourcecode.swift; path = GestureServiceManager.swift; sourceTree = "<group>"; };
		E3D93E5A201CC0E300624FC8 /* MenuViewController.swift */ = {isa = PBXFileReference; lastKnownFileType = sourcecode.swift; path = MenuViewController.swift; sourceTree = "<group>"; };
/* End PBXFileReference section */

/* Begin PBXFrameworksBuildPhase section */
		4F1AEE0B201CBA1E00EFA8D7 /* Frameworks */ = {
			isa = PBXFrameworksBuildPhase;
			buildActionMask = 2147483647;
			files = (
			);
			runOnlyForDeploymentPostprocessing = 0;
		};
/* End PBXFrameworksBuildPhase section */

/* Begin PBXGroup section */
		4F1AEE05201CBA1E00EFA8D7 = {
			isa = PBXGroup;
			children = (
				4F1AEE10201CBA1E00EFA8D7 /* AirGestures */,
				4F1AEE0F201CBA1E00EFA8D7 /* Products */,
			);
			sourceTree = "<group>";
		};
		4F1AEE0F201CBA1E00EFA8D7 /* Products */ = {
			isa = PBXGroup;
			children = (
				4F1AEE0E201CBA1E00EFA8D7 /* AirGestures.app */,
			);
			name = Products;
			sourceTree = "<group>";
		};
		4F1AEE10201CBA1E00EFA8D7 /* AirGestures */ = {
			isa = PBXGroup;
			children = (
				E3D93E5A201CC0E300624FC8 /* MenuViewController.swift */,
				4F1AEE11201CBA1E00EFA8D7 /* AppDelegate.swift */,
				E3816811201CC7DC00A6881D /* GestureServiceManager.swift */,
				E381680F201CC4B800A6881D /* EventMonitor.swift */,
				4F1AEE13201CBA1E00EFA8D7 /* ViewController.swift */,
				4F1AEE15201CBA1E00EFA8D7 /* Assets.xcassets */,
				4F1AEE17201CBA1E00EFA8D7 /* Main.storyboard */,
				4F1AEE1A201CBA1E00EFA8D7 /* Info.plist */,
				4F1AEE1B201CBA1E00EFA8D7 /* AirGestures.entitlements */,
			);
			path = AirGestures;
			sourceTree = "<group>";
		};
/* End PBXGroup section */

/* Begin PBXNativeTarget section */
		4F1AEE0D201CBA1E00EFA8D7 /* AirGestures */ = {
			isa = PBXNativeTarget;
			buildConfigurationList = 4F1AEE1E201CBA1E00EFA8D7 /* Build configuration list for PBXNativeTarget "AirGestures" */;
			buildPhases = (
				4F1AEE0A201CBA1E00EFA8D7 /* Sources */,
				4F1AEE0B201CBA1E00EFA8D7 /* Frameworks */,
				4F1AEE0C201CBA1E00EFA8D7 /* Resources */,
			);
			buildRules = (
			);
			dependencies = (
			);
			name = AirGestures;
			productName = AirGestures;
			productReference = 4F1AEE0E201CBA1E00EFA8D7 /* AirGestures.app */;
			productType = "com.apple.product-type.application";
		};
/* End PBXNativeTarget section */

/* Begin PBXProject section */
		4F1AEE06201CBA1E00EFA8D7 /* Project object */ = {
			isa = PBXProject;
			attributes = {
				LastSwiftUpdateCheck = 0920;
				LastUpgradeCheck = 0920;
				ORGANIZATIONNAME = "Team Limoncello";
				TargetAttributes = {
					4F1AEE0D201CBA1E00EFA8D7 = {
						CreatedOnToolsVersion = 9.2;
						ProvisioningStyle = Automatic;
					};
				};
			};
			buildConfigurationList = 4F1AEE09201CBA1E00EFA8D7 /* Build configuration list for PBXProject "AirGestures" */;
			compatibilityVersion = "Xcode 8.0";
			developmentRegion = en;
			hasScannedForEncodings = 0;
			knownRegions = (
				en,
				Base,
			);
			mainGroup = 4F1AEE05201CBA1E00EFA8D7;
			productRefGroup = 4F1AEE0F201CBA1E00EFA8D7 /* Products */;
			projectDirPath = "";
			projectRoot = "";
			targets = (
				4F1AEE0D201CBA1E00EFA8D7 /* AirGestures */,
			);
		};
/* End PBXProject section */

/* Begin PBXResourcesBuildPhase section */
		4F1AEE0C201CBA1E00EFA8D7 /* Resources */ = {
			isa = PBXResourcesBuildPhase;
			buildActionMask = 2147483647;
			files = (
				4F1AEE16201CBA1E00EFA8D7 /* Assets.xcassets in Resources */,
				4F1AEE19201CBA1E00EFA8D7 /* Main.storyboard in Resources */,
			);
			runOnlyForDeploymentPostprocessing = 0;
		};
/* End PBXResourcesBuildPhase section */

/* Begin PBXSourcesBuildPhase section */
		4F1AEE0A201CBA1E00EFA8D7 /* Sources */ = {
			isa = PBXSourcesBuildPhase;
			buildActionMask = 2147483647;
			files = (
				4F1AEE14201CBA1E00EFA8D7 /* ViewController.swift in Sources */,
				E3816812201CC7DC00A6881D /* GestureServiceManager.swift in Sources */,
				E3D93E5B201CC0E300624FC8 /* MenuViewController.swift in Sources */,
				4F1AEE12201CBA1E00EFA8D7 /* AppDelegate.swift in Sources */,
				E3816810201CC4B800A6881D /* EventMonitor.swift in Sources */,
			);
			runOnlyForDeploymentPostprocessing = 0;
		};
/* End PBXSourcesBuildPhase section */

/* Begin PBXVariantGroup section */
		4F1AEE17201CBA1E00EFA8D7 /* Main.storyboard */ = {
			isa = PBXVariantGroup;
			children = (
				4F1AEE18201CBA1E00EFA8D7 /* Base */,
			);
			name = Main.storyboard;
			sourceTree = "<group>";
		};
/* End PBXVariantGroup section */

/* Begin XCBuildConfiguration section */
		4F1AEE1C201CBA1E00EFA8D7 /* Debug */ = {
			isa = XCBuildConfiguration;
			buildSettings = {
				ALWAYS_SEARCH_USER_PATHS = NO;
				CLANG_ANALYZER_NONNULL = YES;
				CLANG_ANALYZER_NUMBER_OBJECT_CONVERSION = YES_AGGRESSIVE;
				CLANG_CXX_LANGUAGE_STANDARD = "gnu++14";
				CLANG_CXX_LIBRARY = "libc++";
				CLANG_ENABLE_MODULES = YES;
				CLANG_ENABLE_OBJC_ARC = YES;
				CLANG_WARN_BLOCK_CAPTURE_AUTORELEASING = YES;
				CLANG_WARN_BOOL_CONVERSION = YES;
				CLANG_WARN_COMMA = YES;
				CLANG_WARN_CONSTANT_CONVERSION = YES;
				CLANG_WARN_DIRECT_OBJC_ISA_USAGE = YES_ERROR;
				CLANG_WARN_DOCUMENTATION_COMMENTS = YES;
				CLANG_WARN_EMPTY_BODY = YES;
				CLANG_WARN_ENUM_CONVERSION = YES;
				CLANG_WARN_INFINITE_RECURSION = YES;
				CLANG_WARN_INT_CONVERSION = YES;
				CLANG_WARN_NON_LITERAL_NULL_CONVERSION = YES;
				CLANG_WARN_OBJC_LITERAL_CONVERSION = YES;
				CLANG_WARN_OBJC_ROOT_CLASS = YES_ERROR;
				CLANG_WARN_RANGE_LOOP_ANALYSIS = YES;
				CLANG_WARN_STRICT_PROTOTYPES = YES;
				CLANG_WARN_SUSPICIOUS_MOVE = YES;
				CLANG_WARN_UNGUARDED_AVAILABILITY = YES_AGGRESSIVE;
				CLANG_WARN_UNREACHABLE_CODE = YES;
				CLANG_WARN__DUPLICATE_METHOD_MATCH = YES;
				CODE_SIGN_IDENTITY = "Mac Developer";
				COPY_PHASE_STRIP = NO;
				DEBUG_INFORMATION_FORMAT = dwarf;
				ENABLE_STRICT_OBJC_MSGSEND = YES;
				ENABLE_TESTABILITY = YES;
				GCC_C_LANGUAGE_STANDARD = gnu11;
				GCC_DYNAMIC_NO_PIC = NO;
				GCC_NO_COMMON_BLOCKS = YES;
				GCC_OPTIMIZATION_LEVEL = 0;
				GCC_PREPROCESSOR_DEFINITIONS = (
					"DEBUG=1",
					"$(inherited)",
				);
				GCC_WARN_64_TO_32_BIT_CONVERSION = YES;
				GCC_WARN_ABOUT_RETURN_TYPE = YES_ERROR;
				GCC_WARN_UNDECLARED_SELECTOR = YES;
				GCC_WARN_UNINITIALIZED_AUTOS = YES_AGGRESSIVE;
				GCC_WARN_UNUSED_FUNCTION = YES;
				GCC_WARN_UNUSED_VARIABLE = YES;
				MACOSX_DEPLOYMENT_TARGET = 10.13;
				MTL_ENABLE_DEBUG_INFO = YES;
				ONLY_ACTIVE_ARCH = YES;
				SDKROOT = macosx;
				SWIFT_ACTIVE_COMPILATION_CONDITIONS = DEBUG;
				SWIFT_OPTIMIZATION_LEVEL = "-Onone";
			};
			name = Debug;
		};
		4F1AEE1D201CBA1E00EFA8D7 /* Release */ = {
			isa = XCBuildConfiguration;
			buildSettings = {
				ALWAYS_SEARCH_USER_PATHS = NO;
				CLANG_ANALYZER_NONNULL = YES;
				CLANG_ANALYZER_NUMBER_OBJECT_CONVERSION = YES_AGGRESSIVE;
				CLANG_CXX_LANGUAGE_STANDARD = "gnu++14";
				CLANG_CXX_LIBRARY = "libc++";
				CLANG_ENABLE_MODULES = YES;
				CLANG_ENABLE_OBJC_ARC = YES;
				CLANG_WARN_BLOCK_CAPTURE_AUTORELEASING = YES;
				CLANG_WARN_BOOL_CONVERSION = YES;
				CLANG_WARN_COMMA = YES;
				CLANG_WARN_CONSTANT_CONVERSION = YES;
				CLANG_WARN_DIRECT_OBJC_ISA_USAGE = YES_ERROR;
				CLANG_WARN_DOCUMENTATION_COMMENTS = YES;
				CLANG_WARN_EMPTY_BODY = YES;
				CLANG_WARN_ENUM_CONVERSION = YES;
				CLANG_WARN_INFINITE_RECURSION = YES;
				CLANG_WARN_INT_CONVERSION = YES;
				CLANG_WARN_NON_LITERAL_NULL_CONVERSION = YES;
				CLANG_WARN_OBJC_LITERAL_CONVERSION = YES;
				CLANG_WARN_OBJC_ROOT_CLASS = YES_ERROR;
				CLANG_WARN_RANGE_LOOP_ANALYSIS = YES;
				CLANG_WARN_STRICT_PROTOTYPES = YES;
				CLANG_WARN_SUSPICIOUS_MOVE = YES;
				CLANG_WARN_UNGUARDED_AVAILABILITY = YES_AGGRESSIVE;
				CLANG_WARN_UNREACHABLE_CODE = YES;
				CLANG_WARN__DUPLICATE_METHOD_MATCH = YES;
				CODE_SIGN_IDENTITY = "Mac Developer";
				COPY_PHASE_STRIP = NO;
				DEBUG_INFORMATION_FORMAT = "dwarf-with-dsym";
				ENABLE_NS_ASSERTIONS = NO;
				ENABLE_STRICT_OBJC_MSGSEND = YES;
				GCC_C_LANGUAGE_STANDARD = gnu11;
				GCC_NO_COMMON_BLOCKS = YES;
				GCC_WARN_64_TO_32_BIT_CONVERSION = YES;
				GCC_WARN_ABOUT_RETURN_TYPE = YES_ERROR;
				GCC_WARN_UNDECLARED_SELECTOR = YES;
				GCC_WARN_UNINITIALIZED_AUTOS = YES_AGGRESSIVE;
				GCC_WARN_UNUSED_FUNCTION = YES;
				GCC_WARN_UNUSED_VARIABLE = YES;
				MACOSX_DEPLOYMENT_TARGET = 10.13;
				MTL_ENABLE_DEBUG_INFO = NO;
				SDKROOT = macosx;
				SWIFT_OPTIMIZATION_LEVEL = "-Owholemodule";
			};
			name = Release;
		};
		4F1AEE1F201CBA1E00EFA8D7 /* Debug */ = {
			isa = XCBuildConfiguration;
			buildSettings = {
				ASSETCATALOG_COMPILER_APPICON_NAME = AppIcon;
				CODE_SIGN_ENTITLEMENTS = AirGestures/AirGestures.entitlements;
				CODE_SIGN_STYLE = Automatic;
				COMBINE_HIDPI_IMAGES = YES;
				DEVELOPMENT_TEAM = 74NQM6XVWF;
				INFOPLIST_FILE = AirGestures/Info.plist;
				LD_RUNPATH_SEARCH_PATHS = "$(inherited) @executable_path/../Frameworks";
				PRODUCT_BUNDLE_IDENTIFIER = com.limoncello.AirGestures;
				PRODUCT_NAME = "$(TARGET_NAME)";
				SWIFT_VERSION = 4.0;
			};
			name = Debug;
		};
		4F1AEE20201CBA1E00EFA8D7 /* Release */ = {
			isa = XCBuildConfiguration;
			buildSettings = {
				ASSETCATALOG_COMPILER_APPICON_NAME = AppIcon;
				CODE_SIGN_ENTITLEMENTS = AirGestures/AirGestures.entitlements;
				CODE_SIGN_STYLE = Automatic;
				COMBINE_HIDPI_IMAGES = YES;
				DEVELOPMENT_TEAM = 74NQM6XVWF;
				INFOPLIST_FILE = AirGestures/Info.plist;
				LD_RUNPATH_SEARCH_PATHS = "$(inherited) @executable_path/../Frameworks";
				PRODUCT_BUNDLE_IDENTIFIER = com.limoncello.AirGestures;
				PRODUCT_NAME = "$(TARGET_NAME)";
				SWIFT_VERSION = 4.0;
			};
			name = Release;
		};
/* End XCBuildConfiguration section */

/* Begin XCConfigurationList section */
		4F1AEE09201CBA1E00EFA8D7 /* Build configuration list for PBXProject "AirGestures" */ = {
			isa = XCConfigurationList;
			buildConfigurations = (
				4F1AEE1C201CBA1E00EFA8D7 /* Debug */,
				4F1AEE1D201CBA1E00EFA8D7 /* Release */,
			);
			defaultConfigurationIsVisible = 0;
			defaultConfigurationName = Release;
		};
		4F1AEE1E201CBA1E00EFA8D7 /* Build configuration list for PBXNativeTarget "AirGestures" */ = {
			isa = XCConfigurationList;
			buildConfigurations = (
				4F1AEE1F201CBA1E00EFA8D7 /* Debug */,
				4F1AEE20201CBA1E00EFA8D7 /* Release */,
			);
			defaultConfigurationIsVisible = 0;
			defaultConfigurationName = Release;
		};
/* End XCConfigurationList section */
	};
	rootObject = 4F1AEE06201CBA1E00EFA8D7 /* Project object */;
}
